
Microsoft Visual Studio Solution File, Format Version 12.00
# Visual Studio Version 16
VisualStudioVersion = 16.0.30503.244
MinimumVisualStudioVersion = 10.0.40219.1
Project("{FAE04EC0-301F-11D3-BF4B-00C04F79EFBC}") = "01_CafeConsole", "01_CafeChallenge\01_CafeConsole.csproj", "{ABAC5B6D-587D-4371-A9B0-2B030528B298}"
EndProject
Project("{2150E333-8FDC-42A3-9474-1A3956D46DE8}") = "01_Cafe", "01_Cafe", "{51842392-A34B-42A4-99D8-DE4248913B9B}"
EndProject
Project("{FAE04EC0-301F-11D3-BF4B-00C04F79EFBC}") = "01_Cafe_Repository", "02_Cafe_Repository\01_Cafe_Repository.csproj", "{AD390FFA-4F5E-454A-8B1E-C54A2B2FDB55}"
EndProject
Project("{FAE04EC0-301F-11D3-BF4B-00C04F79EFBC}") = "01_CafeTests", "01_CafeTests\01_CafeTests.csproj", "{03C8B8A5-8ACF-438A-BF0D-B2E870A291C2}"
EndProject
Project("{FAE04EC0-301F-11D3-BF4B-00C04F79EFBC}") = "ProgramUI", "ProgramUI\ProgramUI.csproj", "{6FAF083D-0DBA-4266-B12C-74806E418C78}"
EndProject
Project("{2150E333-8FDC-42A3-9474-1A3956D46DE8}") = "02_Claims", "02_Claims", "{76EE9E9B-8B99-4DE4-9DB9-DA13F4FFFEB0}"
EndProject
Project("{FAE04EC0-301F-11D3-BF4B-00C04F79EFBC}") = "02_ClaimsConsole", "ClaimsConsole\02_ClaimsConsole.csproj", "{709BD139-B125-4FAF-B92A-C92534DA9F34}"
EndProject
Project("{FAE04EC0-301F-11D3-BF4B-00C04F79EFBC}") = "02_ClaimsRepository", "ClaimsRepository\02_ClaimsRepository.csproj", "{B5C5D07A-DD05-4F12-AF57-EC6DBCB390D8}"
EndProject
Project("{FAE04EC0-301F-11D3-BF4B-00C04F79EFBC}") = "02_Claims_ProgramUI", "Claims_ProgramUI\02_Claims_ProgramUI.csproj", "{F33823A0-6818-4F80-852C-70E1F5F1B46A}"
EndProject
Project("{FAE04EC0-301F-11D3-BF4B-00C04F79EFBC}") = "02_ClaimsTests", "ClaimsTests\02_ClaimsTests.csproj", "{0490F932-FAA9-445C-8B9E-80A8166E0E03}"
EndProject
Project("{2150E333-8FDC-42A3-9474-1A3956D46DE8}") = "03_Badges", "03_Badges", "{75CD73D8-3631-42E1-9190-8BF22AE192A0}"
EndProject
Project("{FAE04EC0-301F-11D3-BF4B-00C04F79EFBC}") = "03_BadgesConsole", "03_BadgesConsole\03_BadgesConsole.csproj", "{20C5C2EB-DCFA-487F-84AA-4FCD496E8AE8}"
EndProject
Project("{FAE04EC0-301F-11D3-BF4B-00C04F79EFBC}") = "03_BadgesRepository", "03_BadgesRepository\03_BadgesRepository.csproj", "{339EB815-7235-4897-8EE6-5AA6B1B5FD2F}"
EndProject
Project("{FAE04EC0-301F-11D3-BF4B-00C04F79EFBC}") = "03_BadgesProgramUI", "03_BadgesProgramUI\03_BadgesProgramUI.csproj", "{4B9DAF61-A0DA-4EC6-AF32-FB7639122496}"
EndProject
Project("{FAE04EC0-301F-11D3-BF4B-00C04F79EFBC}") = "03_BadgesTests", "03_BadgesTests\03_BadgesTests.csproj", "{67D8C45D-42A5-4DA9-A753-E2F28A2E000E}"
EndProject
Global
	GlobalSection(SolutionConfigurationPlatforms) = preSolution
		Debug|Any CPU = Debug|Any CPU
		Release|Any CPU = Release|Any CPU
	EndGlobalSection
	GlobalSection(ProjectConfigurationPlatforms) = postSolution
		{ABAC5B6D-587D-4371-A9B0-2B030528B298}.Debug|Any CPU.ActiveCfg = Debug|Any CPU
		{ABAC5B6D-587D-4371-A9B0-2B030528B298}.Debug|Any CPU.Build.0 = Debug|Any CPU
		{ABAC5B6D-587D-4371-A9B0-2B030528B298}.Release|Any CPU.ActiveCfg = Release|Any CPU
		{ABAC5B6D-587D-4371-A9B0-2B030528B298}.Release|Any CPU.Build.0 = Release|Any CPU
		{AD390FFA-4F5E-454A-8B1E-C54A2B2FDB55}.Debug|Any CPU.ActiveCfg = Debug|Any CPU
		{AD390FFA-4F5E-454A-8B1E-C54A2B2FDB55}.Debug|Any CPU.Build.0 = Debug|Any CPU
		{AD390FFA-4F5E-454A-8B1E-C54A2B2FDB55}.Release|Any CPU.ActiveCfg = Release|Any CPU
		{AD390FFA-4F5E-454A-8B1E-C54A2B2FDB55}.Release|Any CPU.Build.0 = Release|Any CPU
		{03C8B8A5-8ACF-438A-BF0D-B2E870A291C2}.Debug|Any CPU.ActiveCfg = Debug|Any CPU
		{03C8B8A5-8ACF-438A-BF0D-B2E870A291C2}.Debug|Any CPU.Build.0 = Debug|Any CPU
		{03C8B8A5-8ACF-438A-BF0D-B2E870A291C2}.Release|Any CPU.ActiveCfg = Release|Any CPU
		{03C8B8A5-8ACF-438A-BF0D-B2E870A291C2}.Release|Any CPU.Build.0 = Release|Any CPU
		{6FAF083D-0DBA-4266-B12C-74806E418C78}.Debug|Any CPU.ActiveCfg = Debug|Any CPU
		{6FAF083D-0DBA-4266-B12C-74806E418C78}.Debug|Any CPU.Build.0 = Debug|Any CPU
		{6FAF083D-0DBA-4266-B12C-74806E418C78}.Release|Any CPU.ActiveCfg = Release|Any CPU
		{6FAF083D-0DBA-4266-B12C-74806E418C78}.Release|Any CPU.Build.0 = Release|Any CPU
		{709BD139-B125-4FAF-B92A-C92534DA9F34}.Debug|Any CPU.ActiveCfg = Debug|Any CPU
		{709BD139-B125-4FAF-B92A-C92534DA9F34}.Debug|Any CPU.Build.0 = Debug|Any CPU
		{709BD139-B125-4FAF-B92A-C92534DA9F34}.Release|Any CPU.ActiveCfg = Release|Any CPU
		{709BD139-B125-4FAF-B92A-C92534DA9F34}.Release|Any CPU.Build.0 = Release|Any CPU
		{B5C5D07A-DD05-4F12-AF57-EC6DBCB390D8}.Debug|Any CPU.ActiveCfg = Debug|Any CPU
		{B5C5D07A-DD05-4F12-AF57-EC6DBCB390D8}.Debug|Any CPU.Build.0 = Debug|Any CPU
		{B5C5D07A-DD05-4F12-AF57-EC6DBCB390D8}.Release|Any CPU.ActiveCfg = Release|Any CPU
		{B5C5D07A-DD05-4F12-AF57-EC6DBCB390D8}.Release|Any CPU.Build.0 = Release|Any CPU
		{F33823A0-6818-4F80-852C-70E1F5F1B46A}.Debug|Any CPU.ActiveCfg = Debug|Any CPU
		{F33823A0-6818-4F80-852C-70E1F5F1B46A}.Debug|Any CPU.Build.0 = Debug|Any CPU
		{F33823A0-6818-4F80-852C-70E1F5F1B46A}.Release|Any CPU.ActiveCfg = Release|Any CPU
		{F33823A0-6818-4F80-852C-70E1F5F1B46A}.Release|Any CPU.Build.0 = Release|Any CPU
		{0490F932-FAA9-445C-8B9E-80A8166E0E03}.Debug|Any CPU.ActiveCfg = Debug|Any CPU
		{0490F932-FAA9-445C-8B9E-80A8166E0E03}.Debug|Any CPU.Build.0 = Debug|Any CPU
		{0490F932-FAA9-445C-8B9E-80A8166E0E03}.Release|Any CPU.ActiveCfg = Release|Any CPU
		{0490F932-FAA9-445C-8B9E-80A8166E0E03}.Release|Any CPU.Build.0 = Release|Any CPU
		{20C5C2EB-DCFA-487F-84AA-4FCD496E8AE8}.Debug|Any CPU.ActiveCfg = Debug|Any CPU
		{20C5C2EB-DCFA-487F-84AA-4FCD496E8AE8}.Debug|Any CPU.Build.0 = Debug|Any CPU
		{20C5C2EB-DCFA-487F-84AA-4FCD496E8AE8}.Release|Any CPU.ActiveCfg = Release|Any CPU
		{20C5C2EB-DCFA-487F-84AA-4FCD496E8AE8}.Release|Any CPU.Build.0 = Release|Any CPU
		{339EB815-7235-4897-8EE6-5AA6B1B5FD2F}.Debug|Any CPU.ActiveCfg = Debug|Any CPU
		{339EB815-7235-4897-8EE6-5AA6B1B5FD2F}.Debug|Any CPU.Build.0 = Debug|Any CPU
		{339EB815-7235-4897-8EE6-5AA6B1B5FD2F}.Release|Any CPU.ActiveCfg = Release|Any CPU
		{339EB815-7235-4897-8EE6-5AA6B1B5FD2F}.Release|Any CPU.Build.0 = Release|Any CPU
		{4B9DAF61-A0DA-4EC6-AF32-FB7639122496}.Debug|Any CPU.ActiveCfg = Debug|Any CPU
		{4B9DAF61-A0DA-4EC6-AF32-FB7639122496}.Debug|Any CPU.Build.0 = Debug|Any CPU
		{4B9DAF61-A0DA-4EC6-AF32-FB7639122496}.Release|Any CPU.ActiveCfg = Release|Any CPU
		{4B9DAF61-A0DA-4EC6-AF32-FB7639122496}.Release|Any CPU.Build.0 = Release|Any CPU
		{67D8C45D-42A5-4DA9-A753-E2F28A2E000E}.Debug|Any CPU.ActiveCfg = Debug|Any CPU
		{67D8C45D-42A5-4DA9-A753-E2F28A2E000E}.Debug|Any CPU.Build.0 = Debug|Any CPU
		{67D8C45D-42A5-4DA9-A753-E2F28A2E000E}.Release|Any CPU.ActiveCfg = Release|Any CPU
		{67D8C45D-42A5-4DA9-A753-E2F28A2E000E}.Release|Any CPU.Build.0 = Release|Any CPU
	EndGlobalSection
	GlobalSection(SolutionProperties) = preSolution
		HideSolutionNode = FALSE
	EndGlobalSection
	GlobalSection(NestedProjects) = preSolution
		{ABAC5B6D-587D-4371-A9B0-2B030528B298} = {51842392-A34B-42A4-99D8-DE4248913B9B}
		{AD390FFA-4F5E-454A-8B1E-C54A2B2FDB55} = {51842392-A34B-42A4-99D8-DE4248913B9B}
		{03C8B8A5-8ACF-438A-BF0D-B2E870A291C2} = {51842392-A34B-42A4-99D8-DE4248913B9B}
		{6FAF083D-0DBA-4266-B12C-74806E418C78} = {51842392-A34B-42A4-99D8-DE4248913B9B}
		{709BD139-B125-4FAF-B92A-C92534DA9F34} = {76EE9E9B-8B99-4DE4-9DB9-DA13F4FFFEB0}
		{B5C5D07A-DD05-4F12-AF57-EC6DBCB390D8} = {76EE9E9B-8B99-4DE4-9DB9-DA13F4FFFEB0}
		{F33823A0-6818-4F80-852C-70E1F5F1B46A} = {76EE9E9B-8B99-4DE4-9DB9-DA13F4FFFEB0}
		{0490F932-FAA9-445C-8B9E-80A8166E0E03} = {76EE9E9B-8B99-4DE4-9DB9-DA13F4FFFEB0}
		{20C5C2EB-DCFA-487F-84AA-4FCD496E8AE8} = {75CD73D8-3631-42E1-9190-8BF22AE192A0}
		{339EB815-7235-4897-8EE6-5AA6B1B5FD2F} = {75CD73D8-3631-42E1-9190-8BF22AE192A0}
		{4B9DAF61-A0DA-4EC6-AF32-FB7639122496} = {75CD73D8-3631-42E1-9190-8BF22AE192A0}
		{67D8C45D-42A5-4DA9-A753-E2F28A2E000E} = {75CD73D8-3631-42E1-9190-8BF22AE192A0}
	EndGlobalSection
	GlobalSection(ExtensibilityGlobals) = postSolution
		SolutionGuid = {4542C798-C23D-45DB-8615-88AC3269764E}
	EndGlobalSection
EndGlobal
